
Microsoft Visual Studio Solution File, Format Version 12.00
# Visual Studio Version 16
VisualStudioVersion = 16.0.30717.126
MinimumVisualStudioVersion = 10.0.40219.1
Project("{9A19103F-16F7-4668-BE54-9A1E7A4F7556}") = "Task1", "Task1\Task1.csproj", "{D2EA29D0-1F21-4ADB-9557-F219881C55CA}"
EndProject
Global
	GlobalSection(SolutionConfigurationPlatforms) = preSolution
		Debug|Any CPU = Debug|Any CPU
		Release|Any CPU = Release|Any CPU
	EndGlobalSection
	GlobalSection(ProjectConfigurationPlatforms) = postSolution
		{D2EA29D0-1F21-4ADB-9557-F219881C55CA}.Debug|Any CPU.ActiveCfg = Debug|Any CPU
		{D2EA29D0-1F21-4ADB-9557-F219881C55CA}.Debug|Any CPU.Build.0 = Debug|Any CPU
		{D2EA29D0-1F21-4ADB-9557-F219881C55CA}.Release|Any CPU.ActiveCfg = Release|Any CPU
		{D2EA29D0-1F21-4ADB-9557-F219881C55CA}.Release|Any CPU.Build.0 = Release|Any CPU
	EndGlobalSection
	GlobalSection(SolutionProperties) = preSolution
		HideSolutionNode = FALSE
	EndGlobalSection
	GlobalSection(ExtensibilityGlobals) = postSolution
		SolutionGuid = {5431E9AA-E42C-4F9A-925E-7A658A148672}
	EndGlobalSection
EndGlobal
